
Microsoft Visual Studio Solution File, Format Version 12.00
# Visual Studio Version 16
VisualStudioVersion = 16.0.33027.164
MinimumVisualStudioVersion = 10.0.40219.1
Project("{FAE04EC0-301F-11D3-BF4B-00C04F79EFBC}") = "SkillmineAssignment1", "SkillmineAssignment1\SkillmineAssignment1.csproj", "{8C6F67C3-1BD2-497C-BDE1-7FE7AA64833A}"
EndProject
Global
	GlobalSection(SolutionConfigurationPlatforms) = preSolution
		Debug|Any CPU = Debug|Any CPU
		Release|Any CPU = Release|Any CPU
	EndGlobalSection
	GlobalSection(ProjectConfigurationPlatforms) = postSolution
		{8C6F67C3-1BD2-497C-BDE1-7FE7AA64833A}.Debug|Any CPU.ActiveCfg = Debug|Any CPU
		{8C6F67C3-1BD2-497C-BDE1-7FE7AA64833A}.Debug|Any CPU.Build.0 = Debug|Any CPU
		{8C6F67C3-1BD2-497C-BDE1-7FE7AA64833A}.Release|Any CPU.ActiveCfg = Release|Any CPU
		{8C6F67C3-1BD2-497C-BDE1-7FE7AA64833A}.Release|Any CPU.Build.0 = Release|Any CPU
	EndGlobalSection
	GlobalSection(SolutionProperties) = preSolution
		HideSolutionNode = FALSE
	EndGlobalSection
	GlobalSection(ExtensibilityGlobals) = postSolution
		SolutionGuid = {96D346B5-2B65-473C-ABB3-9C4C4EE98114}
	EndGlobalSection
EndGlobal
